
Microsoft Visual Studio Solution File, Format Version 12.00
# Visual Studio Version 17
VisualStudioVersion = 17.6.33829.357
MinimumVisualStudioVersion = 10.0.40219.1
Project("{FAE04EC0-301F-11D3-BF4B-00C04F79EFBC}") = "Task3", "Task3\Task3.csproj", "{D85735E6-287D-4459-BBB5-1172F49D7CB9}"
EndProject
Global
	GlobalSection(SolutionConfigurationPlatforms) = preSolution
		Debug|Any CPU = Debug|Any CPU
		Release|Any CPU = Release|Any CPU
	EndGlobalSection
	GlobalSection(ProjectConfigurationPlatforms) = postSolution
		{D85735E6-287D-4459-BBB5-1172F49D7CB9}.Debug|Any CPU.ActiveCfg = Debug|Any CPU
		{D85735E6-287D-4459-BBB5-1172F49D7CB9}.Debug|Any CPU.Build.0 = Debug|Any CPU
		{D85735E6-287D-4459-BBB5-1172F49D7CB9}.Release|Any CPU.ActiveCfg = Release|Any CPU
		{D85735E6-287D-4459-BBB5-1172F49D7CB9}.Release|Any CPU.Build.0 = Release|Any CPU
	EndGlobalSection
	GlobalSection(SolutionProperties) = preSolution
		HideSolutionNode = FALSE
	EndGlobalSection
	GlobalSection(ExtensibilityGlobals) = postSolution
		SolutionGuid = {E97BA4C8-EED3-4FD5-9526-5EB21CC2834D}
	EndGlobalSection
EndGlobal
